{
  "name": "service-portail",
  "version": "1.17.1",
  "lockfileVersion": 1,
  "requires": true,
  "dependencies": {
    "@types/angular": {
      "version": "1.6.43",
      "resolved": "https://registry.npmjs.org/@types/angular/-/angular-1.6.43.tgz",
      "integrity": "sha512-3GrHCRZS62ruJjHMtOx3WYsS0I8i0FRcIqOwqIfWXnlR9g2FebEhUNdMk3LZIvfhZ08xe+S1x2iwP1t9vKCHag=="
    },
    "@types/commander": {
      "version": "2.12.2",
      "resolved": "https://registry.npmjs.org/@types/commander/-/commander-2.12.2.tgz",
      "integrity": "sha512-0QEFiR8ljcHp9bAbWxecjVRuAMr16ivPiGOw6KFQBVrVd0RQIcM3xKdRisH2EDWgVWujiYtHwhSkSUoAAGzH7Q==",
      "requires": {
        "commander": "2.15.1"
      }
    },
    "@types/d3": {
      "version": "5.0.0",
      "resolved": "https://registry.npmjs.org/@types/d3/-/d3-5.0.0.tgz",
      "integrity": "sha512-BVfPw7ha+UgsG24v6ymerMY4+pJgQ/6p+hJA4loCeaaqV9snGS/G6ReVaQEn8Himn67dWn/Je9WhRbnDO7MzLw==",
      "requires": {
        "@types/d3-array": "1.2.1",
        "@types/d3-axis": "1.0.9",
        "@types/d3-brush": "1.0.7",
        "@types/d3-chord": "1.0.6",
        "@types/d3-collection": "1.0.6",
        "@types/d3-color": "1.0.5",
        "@types/d3-contour": "1.1.2",
        "@types/d3-dispatch": "1.0.5",
        "@types/d3-drag": "1.2.0",
        "@types/d3-dsv": "1.0.31",
        "@types/d3-ease": "1.0.7",
        "@types/d3-fetch": "1.0.1",
        "@types/d3-force": "1.1.0",
        "@types/d3-format": "1.2.1",
        "@types/d3-geo": "1.9.4",
        "@types/d3-hierarchy": "1.1.0",
        "@types/d3-interpolate": "1.1.6",
        "@types/d3-path": "1.0.6",
        "@types/d3-polygon": "1.0.5",
        "@types/d3-quadtree": "1.0.5",
        "@types/d3-random": "1.1.0",
        "@types/d3-scale": "2.0.0",
        "@types/d3-scale-chromatic": "1.2.0",
        "@types/d3-selection": "1.3.0",
        "@types/d3-shape": "1.2.2",
        "@types/d3-time": "1.0.7",
        "@types/d3-time-format": "2.1.0",
        "@types/d3-timer": "1.0.6",
        "@types/d3-transition": "1.1.1",
        "@types/d3-voronoi": "1.1.7",
        "@types/d3-zoom": "1.7.0"
      }
    },
    "@types/d3-array": {
      "version": "1.2.1",
      "resolved": "https://registry.npmjs.org/@types/d3-array/-/d3-array-1.2.1.tgz",
      "integrity": "sha512-YBaAfimGdWE4nDuoGVKsH89/dkz2hWZ0i8qC+xxqmqi+XJ/aXiRF0jPtzXmN7VdkpVjy1xuDmM5/m1FNuB6VWA=="
    },
    "@types/d3-axis": {
      "version": "1.0.9",
      "resolved": "https://registry.npmjs.org/@types/d3-axis/-/d3-axis-1.0.9.tgz",
      "integrity": "sha512-fNUnI2a0F3xiE/nGrTdDpZG4sdcRIB4X59p9jgY8O7RQiKrVqyb433YCCYSqVID4CVyoq5v3bSFliUEk0FOMsw==",
      "requires": {
        "@types/d3-selection": "1.3.0"
      }
    },
    "@types/d3-brush": {
      "version": "1.0.7",
      "resolved": "https://registry.npmjs.org/@types/d3-brush/-/d3-brush-1.0.7.tgz",
      "integrity": "sha1-BcMEQPTVN/0j+Xaw5sS6IjAB70U=",
      "requires": {
        "@types/d3-selection": "1.3.0"
      }
    },
    "@types/d3-chord": {
      "version": "1.0.6",
      "resolved": "https://registry.npmjs.org/@types/d3-chord/-/d3-chord-1.0.6.tgz",
      "integrity": "sha1-BYnrl6MZH07a8Xt73kmEYokM4ew="
    },
    "@types/d3-collection": {
      "version": "1.0.6",
      "resolved": "https://registry.npmjs.org/@types/d3-collection/-/d3-collection-1.0.6.tgz",
      "integrity": "sha512-UHBvaU2wT5GlJN6rRVQm42211uAyZtp7m0jpQFuMuX7hTuivc0tcF0cjx5Ny5eQkhIolEyKwWgvJexw4e8g4+A=="
    },
    "@types/d3-color": {
      "version": "1.0.5",
      "resolved": "https://registry.npmjs.org/@types/d3-color/-/d3-color-1.0.5.tgz",
      "integrity": "sha1-ytdV8Pxt57cPpuXgivqB70wiSN4="
    },
    "@types/d3-contour": {
      "version": "1.1.2",
      "resolved": "https://registry.npmjs.org/@types/d3-contour/-/d3-contour-1.1.2.tgz",
      "integrity": "sha512-HQ1FLojSJw0N97OLeM0FdWuxCSqlycPqmnKB46ZiY724umqOVQ9qYA9N2BNV1KYm+OlDwnlVC4rDXYthR3qqew==",
      "requires": {
        "@types/d3-array": "1.2.1",
        "@types/geojson": "7946.0.1"
      }
    },
    "@types/d3-dispatch": {
      "version": "1.0.5",
      "resolved": "https://registry.npmjs.org/@types/d3-dispatch/-/d3-dispatch-1.0.5.tgz",
      "integrity": "sha1-8fkYe1OOywUVdWnY3C9w37BPG1I="
    },
    "@types/d3-drag": {
      "version": "1.2.0",
      "resolved": "https://registry.npmjs.org/@types/d3-drag/-/d3-drag-1.2.0.tgz",
      "integrity": "sha512-AePmm0sXj0Tpl0uQWvwmbAf1QR3yCy9aRhjJ9mRDDSZlHBdY0SCpUtdZC9uG9Q+pyHT/dEt1R2FT/sj+5k/bVA==",
      "requires": {
        "@types/d3-selection": "1.3.0"
      }
    },
    "@types/d3-dsv": {
      "version": "1.0.31",
      "resolved": "https://registry.npmjs.org/@types/d3-dsv/-/d3-dsv-1.0.31.tgz",
      "integrity": "sha512-UCAVZdwd2NkrbkF1lZu9vzTlmUENRRrPCubyhDPlG8Ye1B8Xr2PNvk/Tp8tMm6sPoWZWagri6/P9H+t7WqkGDg=="
    },
    "@types/d3-ease": {
      "version": "1.0.7",
      "resolved": "https://registry.npmjs.org/@types/d3-ease/-/d3-ease-1.0.7.tgz",
      "integrity": "sha1-k6MBhovp4VBh89RDQ7GrP4rLbwk="
    },
    "@types/d3-fetch": {
      "version": "1.0.1",
      "resolved": "https://registry.npmjs.org/@types/d3-fetch/-/d3-fetch-1.0.1.tgz",
      "integrity": "sha512-irSVkwN1rwQQ8haCrGIsDvoS0FSvzPk2AgqT2KxsAONBUwJwThEtmwIlPG96sVgmdnN4oB6wkll1mAyMma8xpg==",
      "requires": {
        "@types/d3-dsv": "1.0.31"
      }
    },
    "@types/d3-force": {
      "version": "1.1.0",
      "resolved": "https://registry.npmjs.org/@types/d3-force/-/d3-force-1.1.0.tgz",
      "integrity": "sha512-a39Uu/ltLaMpj6K0elEB1oAqhx9rlTB5X/O75uTUqyTW2CfjhPXg6hFsX1lF8oeMc29kqGJZ4g9Pf6mET25bVw=="
    },
    "@types/d3-format": {
      "version": "1.2.1",
      "resolved": "https://registry.npmjs.org/@types/d3-format/-/d3-format-1.2.1.tgz",
      "integrity": "sha512-dXhA9jzCbzu6Va8ZVUQ60nu6jqA5vhPhKGR4nY3lDYfjT05GyKEKuEhfwTaSTybWczY4nLEkzv9wLQCQd5+3cA=="
    },
    "@types/d3-geo": {
      "version": "1.9.4",
      "resolved": "https://registry.npmjs.org/@types/d3-geo/-/d3-geo-1.9.4.tgz",
      "integrity": "sha512-DoigJorMGGIG9K4n980zz5g1XnvhDhNy7rk/0O8KCpFPpUZ9hyAgN0ZHXhbtIelxhJhMZxwMRe2soxx/Fhx4Hg==",
      "requires": {
        "@types/geojson": "7946.0.1"
      }
    },
    "@types/d3-hierarchy": {
      "version": "1.1.0",
      "resolved": "https://registry.npmjs.org/@types/d3-hierarchy/-/d3-hierarchy-1.1.0.tgz",
      "integrity": "sha1-UPHuBShAY4A1y91KyrH8NHCQWQc="
    },
    "@types/d3-interpolate": {
      "version": "1.1.6",
      "resolved": "https://registry.npmjs.org/@types/d3-interpolate/-/d3-interpolate-1.1.6.tgz",
      "integrity": "sha1-ZAQbFcnAMsNI2hsiuqvFn6TRYTY=",
      "requires": {
        "@types/d3-color": "1.0.5"
      }
    },
    "@types/d3-path": {
      "version": "1.0.6",
      "resolved": "https://registry.npmjs.org/@types/d3-path/-/d3-path-1.0.6.tgz",
      "integrity": "sha512-YHW4cs+wOU9gFUzudjJs9TkrB/8GOgKhq32ZyNaZ2rzZjOhkqG486sGr9XSh4C91CcgIg1FRGoDaN29Ropx9nw=="
    },
    "@types/d3-polygon": {
      "version": "1.0.5",
      "resolved": "https://registry.npmjs.org/@types/d3-polygon/-/d3-polygon-1.0.5.tgz",
      "integrity": "sha1-Na1U7YTDnX6fElK2U1vmAL5srOI="
    },
    "@types/d3-quadtree": {
      "version": "1.0.5",
      "resolved": "https://registry.npmjs.org/@types/d3-quadtree/-/d3-quadtree-1.0.5.tgz",
      "integrity": "sha1-HOHmWerkUw3wyxJ/KX8XQaNnqC4="
    },
    "@types/d3-random": {
      "version": "1.1.0",
      "resolved": "https://registry.npmjs.org/@types/d3-random/-/d3-random-1.1.0.tgz",
      "integrity": "sha1-LdCPEVnHBxknDkp8g0r4XIuI0sM="
    },
    "@types/d3-scale": {
      "version": "2.0.0",
      "resolved": "https://registry.npmjs.org/@types/d3-scale/-/d3-scale-2.0.0.tgz",
      "integrity": "sha512-fFLSdP3p9qQQ3W6ouO3GBI4Qg94CSykTWVc61U8SI1V62dfBWtOigBj5voxDcOniwh9MjKzTHldMSsGJ5qAFpA==",
      "requires": {
        "@types/d3-time": "1.0.7"
      }
    },
    "@types/d3-scale-chromatic": {
      "version": "1.2.0",
      "resolved": "https://registry.npmjs.org/@types/d3-scale-chromatic/-/d3-scale-chromatic-1.2.0.tgz",
      "integrity": "sha512-bhS2SVzUzRtrxp1REhGCfHmj8pyDv9oDmsonYiPvBl8KCxPJTxnfXBF39PzAJrYnRKM41TR0kQzsJvL+NmcDtg=="
    },
    "@types/d3-selection": {
      "version": "1.3.0",
      "resolved": "https://registry.npmjs.org/@types/d3-selection/-/d3-selection-1.3.0.tgz",
      "integrity": "sha512-1SJhi3kTk/SHHIE6XkHuHU2REYkbSOjkQuo3HT71FOTs8/tjeGcvtXMsX4N3kU1UE1nVG+A5pg7TSjuJ4zUN3A=="
    },
    "@types/d3-shape": {
      "version": "1.2.2",
      "resolved": "https://registry.npmjs.org/@types/d3-shape/-/d3-shape-1.2.2.tgz",
      "integrity": "sha512-Ydksrces8J5WP/NXhZ/CcDx/XZZ8b7MDX+u6WGQXwEWfmimJn9eYHiD7QR4BLe3zBiAOQmmiGAwRBKUDp5zb1g==",
      "requires": {
        "@types/d3-path": "1.0.6"
      }
    },
    "@types/d3-time": {
      "version": "1.0.7",
      "resolved": "https://registry.npmjs.org/@types/d3-time/-/d3-time-1.0.7.tgz",
      "integrity": "sha512-X5ZQYiJIM38XygNwld4gZ++Vtw2ftgo3KOfZOY4n/sCudUxclxf/3THBvuG8UqSV+EQ0ezYjT5eyvcrrmixOWA=="
    },
    "@types/d3-time-format": {
      "version": "2.1.0",
      "resolved": "https://registry.npmjs.org/@types/d3-time-format/-/d3-time-format-2.1.0.tgz",
      "integrity": "sha512-/myT3I7EwlukNOX2xVdMzb8FRgNzRMpsZddwst9Ld/VFe6LyJyRp0s32l/V9XoUzk+Gqu56F/oGk6507+8BxrA=="
    },
    "@types/d3-timer": {
      "version": "1.0.6",
      "resolved": "https://registry.npmjs.org/@types/d3-timer/-/d3-timer-1.0.6.tgz",
      "integrity": "sha1-eG1OIHMa3wOvLF32yG/ilmf+Qps="
    },
    "@types/d3-transition": {
      "version": "1.1.1",
      "resolved": "https://registry.npmjs.org/@types/d3-transition/-/d3-transition-1.1.1.tgz",
      "integrity": "sha512-GHTghl0YYB8gGgbyKxVLHyAp9Na0HqsX2U7M0u0lGw4IdfEaslooykweZ8fDHW13T+KZeZAuzhbmqBZVFO+6kg==",
      "requires": {
        "@types/d3-selection": "1.3.0"
      }
    },
    "@types/d3-voronoi": {
      "version": "1.1.7",
      "resolved": "https://registry.npmjs.org/@types/d3-voronoi/-/d3-voronoi-1.1.7.tgz",
      "integrity": "sha512-/dHFLK5jhXTb/W4XEQcFydVk8qlIAo85G3r7+N2fkBFw190l0R1GQ8C1VPeXBb2GfSU5GbT2hjlnE7i7UY5Gvg=="
    },
    "@types/d3-zoom": {
      "version": "1.7.0",
      "resolved": "https://registry.npmjs.org/@types/d3-zoom/-/d3-zoom-1.7.0.tgz",
      "integrity": "sha512-eIivt2ehMUXqS0guuVzRSMr5RGhO958g9EKxIJv3Z23suPnX4VQI9k1TC/bLuwKq0IWp9a1bEEcIy+PNJv9BtA==",
      "requires": {
        "@types/d3-interpolate": "1.1.6",
        "@types/d3-selection": "1.3.0"
      }
    },
    "@types/geojson": {
      "version": "7946.0.1",
      "resolved": "https://registry.npmjs.org/@types/geojson/-/geojson-7946.0.1.tgz",
      "integrity": "sha512-BXY6tH16Snp/ZdX6cFlBD8yfEArcZemzxEGciXkMmp1/tU76oyqkxJq91JQzT8SXWzRPwj//dw0/FdCSnnT8mw=="
    },
    "@types/moment": {
      "version": "2.13.0",
      "resolved": "https://registry.npmjs.org/@types/moment/-/moment-2.13.0.tgz",
      "integrity": "sha1-YE69GJvDvDShVIaJQE5hoqSqyJY=",
      "requires": {
        "moment": "2.20.1"
      }
    },
    "@types/semver": {
      "version": "5.5.0",
      "resolved": "https://registry.npmjs.org/@types/semver/-/semver-5.5.0.tgz",
      "integrity": "sha512-41qEJgBH/TWgo5NFSvBCJ1qkoi3Q6ONSF2avrHq1LVEZfYpdHmj0y9SuTK+u9ZhG1sYQKBL1AWXKyLWP4RaUoQ=="
    },
    "@types/underscore": {
      "version": "1.8.8",
      "resolved": "https://registry.npmjs.org/@types/underscore/-/underscore-1.8.8.tgz",
      "integrity": "sha512-EquzRwzAAs04anQ8/6MYXFKvHoD+MIlF+gu87EDda7dN9zrKvQYHsc9VFAPB1xY4tUHQVvBMtjsHrvof2EE1Mg=="
    },
    "@uirouter/angularjs": {
      "version": "1.0.15",
      "resolved": "https://registry.npmjs.org/@uirouter/angularjs/-/angularjs-1.0.15.tgz",
      "integrity": "sha512-qV+fz+OV5WRNNCXfeVO7nEcSSNESXOxLC0lXM9sv+IwTW6gyiynZ2wHP7fP2ETbr20sPxtbFC+kMVLzyiw/yIg==",
      "requires": {
        "@uirouter/core": "5.0.17"
      }
    },
    "@uirouter/core": {
      "version": "5.0.17",
      "resolved": "https://registry.npmjs.org/@uirouter/core/-/core-5.0.17.tgz",
      "integrity": "sha512-aJOSpaRbctGw24Mh74sonLwCyskl7KzFz7M0jRDqrd+eHZK6s/xxi4ZSNuGHRy6kF4x7195buQSJEo7u82t+rA=="
    },
    "amdefine": {
      "version": "1.0.1",
      "resolved": "https://registry.npmjs.org/amdefine/-/amdefine-1.0.1.tgz",
      "integrity": "sha1-SlKCrBZHKek2Gbz9OtFR+BfOkfU="
    },
    "angular": {
      "version": "1.6.10",
      "resolved": "https://registry.npmjs.org/angular/-/angular-1.6.10.tgz",
      "integrity": "sha512-PCZ5/hVdvPQiYyH0VwsPjrErPHRcITnaXxhksceOXgtJeesKHLA7KDu4X/yvcAi+1zdGgGF+9pDxkJvghXI9Wg=="
    },
    "angular-animate": {
      "version": "1.6.10",
      "resolved": "https://registry.npmjs.org/angular-animate/-/angular-animate-1.6.10.tgz",
      "integrity": "sha512-RU9ZJbTspq0W0x675H5k1DeSgKbAFfp2aiYoNGdlD+wQNKvwwMR5ho+EkDKkx9zE02a5goe8Z6EhhYPQSff9dA=="
    },
    "angular-bootstrap-checkbox": {
      "version": "1.0.0",
      "resolved": "https://registry.npmjs.org/angular-bootstrap-checkbox/-/angular-bootstrap-checkbox-1.0.0.tgz",
      "integrity": "sha1-3qZAvN0G+aWLErfkKwHA/ORHXnw="
    },
    "angular-carousel": {
      "version": "1.1.0",
      "resolved": "https://registry.npmjs.org/angular-carousel/-/angular-carousel-1.1.0.tgz",
      "integrity": "sha512-UiLMgT7Ueqk4xpliF1gWt4dYKXezdJA1jyZPNsUWkOGO/dwLuKi284h3BgWl4CnaH7kEBw8L2gsBOyqbYaumNQ=="
    },
    "angular-cookies": {
      "version": "1.6.10",
      "resolved": "https://registry.npmjs.org/angular-cookies/-/angular-cookies-1.6.10.tgz",
      "integrity": "sha512-ADfbqXLhwcaecAiWIaxpl8XWFJgWsrDl/ksSEkYm5dSoXHYlj3HKlAhPbjBv/foYS7pdI0apmSGHWrBPqdjF/g=="
    },
    "angular-i18n": {
      "version": "1.6.10",
      "resolved": "https://registry.npmjs.org/angular-i18n/-/angular-i18n-1.6.10.tgz",
      "integrity": "sha512-/57YZVxgyGmdCDttNe9fuAepI/c3lA9KgER9IY4U75f6K8eM8Y7GVhqBy3x2QQ9uTiubfvlcmoOJKCC621pPFw=="
    },
    "angular-moment": {
      "version": "1.2.0",
      "resolved": "https://registry.npmjs.org/angular-moment/-/angular-moment-1.2.0.tgz",
      "integrity": "sha512-0jm7AfCTk/zbBuVuoz9MecMplGfTQ9Wk9JB8J4qYX9IddcETRukpbKXMy27YTL1wKwYJkRTbGMu/Pb3IXbMfyA==",
      "requires": {
        "moment": "2.20.1"
      }
    },
    "angular-nvd3": {
      "version": "1.0.9",
      "resolved": "https://registry.npmjs.org/angular-nvd3/-/angular-nvd3-1.0.9.tgz",
      "integrity": "sha1-jYpxSH2eWhIuil0PXNJqsOSRpvU=",
      "requires": {
        "angular": "1.6.10",
        "d3": "3.5.17",
        "nvd3": "1.8.6"
      },
      "dependencies": {
        "d3": {
          "version": "3.5.17",
          "resolved": "https://registry.npmjs.org/d3/-/d3-3.5.17.tgz",
          "integrity": "sha1-vEZ0gAQ3iyGjYMn8fPUjF5B2L7g="
        },
        "nvd3": {
          "version": "1.8.6",
          "resolved": "https://registry.npmjs.org/nvd3/-/nvd3-1.8.6.tgz",
          "integrity": "sha1-LT66dL8zNjtRAevx0JPFmlOuc8Q="
        }
      }
    },
    "angular-resource": {
      "version": "1.6.10",
      "resolved": "https://registry.npmjs.org/angular-resource/-/angular-resource-1.6.10.tgz",
      "integrity": "sha512-jrYXUGPtpv/lTBlYZ6HZefIV6Lb+6e1HUavBPg9TSzW7s4zYRBWzMj6vMg8gZzVjWdH/nYBWfilV0qfnmZSI+A=="
    },
    "angular-sanitize": {
      "version": "1.6.10",
      "resolved": "https://registry.npmjs.org/angular-sanitize/-/angular-sanitize-1.6.10.tgz",
      "integrity": "sha512-01i1Xoq9ykUrsoYQMSB6dWZmPp9Df5hfCqMAGGzJBWZ7L2WY0OtUphdI0YvR8ZF9lAsWtGNtsEFilObjq5nTgQ=="
    },
    "angular-toastr": {
      "version": "2.1.1",
      "resolved": "https://registry.npmjs.org/angular-toastr/-/angular-toastr-2.1.1.tgz",
      "integrity": "sha1-n4NQykghRaRNARp1W4+zYj1gVEw="
    },
    "angular-touch": {
      "version": "1.6.10",
      "resolved": "https://registry.npmjs.org/angular-touch/-/angular-touch-1.6.10.tgz",
      "integrity": "sha512-ZblW46aN5s7OOihpXDa0qzrJXdaVGE44jc+a8e1NpOjhCKZDQze+nBHh3xw3toAF1BIfDJIkRstadk4h2R/uLg=="
    },
    "angular-ui-bootstrap": {
      "version": "2.5.6",
      "resolved": "https://registry.npmjs.org/angular-ui-bootstrap/-/angular-ui-bootstrap-2.5.6.tgz",
      "integrity": "sha512-yzcHpPMLQl0232nDzm5P4iAFTFQ9dMw0QgFLuKYbDj9M0xJ62z0oudYD/Lvh1pWfRsukiytP4Xj6BHOSrSXP8A=="
    },
    "angular-zxcvbn": {
      "version": "3.2.2",
      "resolved": "https://registry.npmjs.org/angular-zxcvbn/-/angular-zxcvbn-3.2.2.tgz",
      "integrity": "sha1-Lby6XrXaTJCysLYCLaCLd2iTfEY="
    },
    "bootstrap": {
      "version": "3.3.7",
      "resolved": "https://registry.npmjs.org/bootstrap/-/bootstrap-3.3.7.tgz",
      "integrity": "sha1-WjiTlFSfIzMIdaOxUGVldPip63E="
    },
    "clone": {
      "version": "2.1.1",
      "resolved": "https://registry.npmjs.org/clone/-/clone-2.1.1.tgz",
      "integrity": "sha1-0hfR6WERjjrJpLi7oyhVU79kfNs="
    },
    "clone-buffer": {
      "version": "1.0.0",
      "resolved": "https://registry.npmjs.org/clone-buffer/-/clone-buffer-1.0.0.tgz",
      "integrity": "sha1-4+JbIHrE5wGvch4staFnksrD3Fg="
    },
    "clone-stats": {
      "version": "1.0.0",
      "resolved": "https://registry.npmjs.org/clone-stats/-/clone-stats-1.0.0.tgz",
      "integrity": "sha1-s3gt/4u1R04Yuba/D9/ngvh3doA="
    },
    "cloneable-readable": {
      "version": "1.0.0",
      "resolved": "https://registry.npmjs.org/cloneable-readable/-/cloneable-readable-1.0.0.tgz",
      "integrity": "sha1-pikNQT8hemEjL5XkWP84QYz7ARc=",
      "requires": {
        "inherits": "2.0.3",
        "process-nextick-args": "1.0.7",
        "through2": "2.0.3"
      }
    },
    "commander": {
      "version": "2.15.1",
      "resolved": "https://registry.npmjs.org/commander/-/commander-2.15.1.tgz",
      "integrity": "sha512-VlfT9F3V0v+jr4yxPc5gg9s62/fIVWsd2Bk2iD435um1NlGMYdVCq+MjcXnhYq2icNOizHr1kK+5TI6H0Hy0ag=="
    },
    "commandpost": {
      "version": "1.3.0",
      "resolved": "https://registry.npmjs.org/commandpost/-/commandpost-1.3.0.tgz",
      "integrity": "sha512-T62tyrmYTkaRDbV2z1k2yXTyxk0cFptXYwo1cUbnfHtp7ThLgQ9/90jG1Ym5WLZgFhvOTaHA5VSARWJ9URpLDw=="
    },
    "core-util-is": {
      "version": "1.0.2",
      "resolved": "https://registry.npmjs.org/core-util-is/-/core-util-is-1.0.2.tgz",
      "integrity": "sha1-tf1UIgqivFq1eqtxQMlAdUUDwac="
    },
    "d3": {
      "version": "3.5.17",
      "resolved": "https://registry.npmjs.org/d3/-/d3-3.5.17.tgz",
      "integrity": "sha1-vEZ0gAQ3iyGjYMn8fPUjF5B2L7g="
    },
    "editorconfig": {
      "version": "0.15.0",
      "resolved": "https://registry.npmjs.org/editorconfig/-/editorconfig-0.15.0.tgz",
      "integrity": "sha512-j7JBoj/bpNzvoTQylfRZSc85MlLNKWQiq5y6gwKhmqD2h1eZ+tH4AXbkhEJD468gjDna/XMx2YtSkCxBRX9OGg==",
      "requires": {
        "@types/commander": "2.12.2",
        "@types/semver": "5.5.0",
        "commander": "2.15.1",
        "lru-cache": "4.1.2",
        "semver": "5.5.0",
        "sigmund": "1.0.1"
      }
    },
    "es5-shim": {
      "version": "4.5.10",
      "resolved": "https://registry.npmjs.org/es5-shim/-/es5-shim-4.5.10.tgz",
      "integrity": "sha512-vmryBdqKRO8Ei9LJ4yyEk/EOmAOGIagcHDYPpTAi6pot4IMHS1AC2q5cTKPmydpijg2iX8DVmCuqgrNxIWj8Yg=="
    },
    "font-awesome": {
      "version": "4.7.0",
      "resolved": "https://registry.npmjs.org/font-awesome/-/font-awesome-4.7.0.tgz",
      "integrity": "sha1-j6jPBBGhoxr9B7BtKQK7n8gVoTM="
    },
    "google-closure-compiler-js": {
      "version": "20180204.0.0",
      "resolved": "https://registry.npmjs.org/google-closure-compiler-js/-/google-closure-compiler-js-20180204.0.0.tgz",
      "integrity": "sha512-WmPpXyLfpEWKV+Xa+QK4HB6vYlZQSDhIIWi08L77Va5RloZAQKaTXCeg7q4fnuHF0zMYx/s/EsqvQ5S1z9wi0Q==",
      "requires": {
        "minimist": "1.2.0",
        "vinyl": "2.1.0",
        "webpack-core": "0.6.9"
      }
    },
    "inherits": {
      "version": "2.0.3",
      "resolved": "https://registry.npmjs.org/inherits/-/inherits-2.0.3.tgz",
      "integrity": "sha1-Yzwsg+PaQqUC9SRmAiSA9CCCYd4="
    },
    "isarray": {
      "version": "1.0.0",
      "resolved": "https://registry.npmjs.org/isarray/-/isarray-1.0.0.tgz",
      "integrity": "sha1-u5NdSFgsuhaMBoNJV6VKPgcSTxE="
    },
    "laclasse-common-client": {
      "version": "git+https://git@github.com/laclasse-com/laclasse-common-client.git#f5351b556d4ceb31a0cb18d717c0b8279df56ac8"
    },
    "lru-cache": {
      "version": "4.1.2",
      "resolved": "https://registry.npmjs.org/lru-cache/-/lru-cache-4.1.2.tgz",
      "integrity": "sha512-wgeVXhrDwAWnIF/yZARsFnMBtdFXOg1b8RIrhilp+0iDYN4mdQcNZElDZ0e4B64BhaxeQ5zN7PMyvu7we1kPeQ==",
      "requires": {
        "pseudomap": "1.0.2",
        "yallist": "2.1.2"
      }
    },
    "minimist": {
      "version": "1.2.0",
      "resolved": "https://registry.npmjs.org/minimist/-/minimist-1.2.0.tgz",
      "integrity": "sha1-o1AIsg9BOD7sH7kU9M1d95omQoQ="
    },
    "moment": {
      "version": "2.20.1",
      "resolved": "https://registry.npmjs.org/moment/-/moment-2.20.1.tgz",
      "integrity": "sha512-Yh9y73JRljxW5QxN08Fner68eFLxM5ynNOAw2LbIB1YAGeQzZT8QFSUvkAz609Zf+IHhhaUxqZK8dG3W/+HEvg=="
    },
    "ng-color-picker": {
      "version": "git+https://github.com/cycojesus/ng-color-picker.git#3987e5ff134a43bd620269876f4117ef5eec46ff"
    },
    "ng-fittext": {
      "version": "3.3.3",
      "resolved": "https://registry.npmjs.org/ng-fittext/-/ng-fittext-3.3.3.tgz",
      "integrity": "sha1-s2VncQav5J1StBE6KwZg6VypzR0="
    },
    "ng-sortable": {
      "version": "1.3.8",
      "resolved": "https://registry.npmjs.org/ng-sortable/-/ng-sortable-1.3.8.tgz",
      "integrity": "sha1-6S0CHfQghxMYNJifDIpPWOphMFY="
    },
    "nvd3": {
      "version": "1.8.6",
      "resolved": "https://registry.npmjs.org/nvd3/-/nvd3-1.8.6.tgz",
      "integrity": "sha1-LT66dL8zNjtRAevx0JPFmlOuc8Q="
    },
    "process-nextick-args": {
      "version": "1.0.7",
      "resolved": "https://registry.npmjs.org/process-nextick-args/-/process-nextick-args-1.0.7.tgz",
      "integrity": "sha1-FQ4gt1ZZCtP5EJPyWk8q2L/zC6M="
    },
    "pseudomap": {
      "version": "1.0.2",
      "resolved": "https://registry.npmjs.org/pseudomap/-/pseudomap-1.0.2.tgz",
      "integrity": "sha1-8FKijacOYYkX7wqKw0wa5aaChrM="
    },
    "readable-stream": {
      "version": "2.3.3",
      "resolved": "https://registry.npmjs.org/readable-stream/-/readable-stream-2.3.3.tgz",
      "integrity": "sha512-m+qzzcn7KUxEmd1gMbchF+Y2eIUbieUaxkWtptyHywrX0rE8QEYqPC07Vuy4Wm32/xE16NcdBctb8S0Xe/5IeQ==",
      "requires": {
        "core-util-is": "1.0.2",
        "inherits": "2.0.3",
        "isarray": "1.0.0",
        "process-nextick-args": "1.0.7",
        "safe-buffer": "5.1.1",
        "string_decoder": "1.0.3",
        "util-deprecate": "1.0.2"
      }
    },
    "remove-trailing-separator": {
      "version": "1.1.0",
      "resolved": "https://registry.npmjs.org/remove-trailing-separator/-/remove-trailing-separator-1.1.0.tgz",
      "integrity": "sha1-wkvOKig62tW8P1jg1IJJuSN52O8="
    },
    "replace-ext": {
      "version": "1.0.0",
      "resolved": "https://registry.npmjs.org/replace-ext/-/replace-ext-1.0.0.tgz",
      "integrity": "sha1-3mMSg3P8v3w8z6TeWkgMRaZ5WOs="
    },
    "safe-buffer": {
      "version": "5.1.1",
      "resolved": "https://registry.npmjs.org/safe-buffer/-/safe-buffer-5.1.1.tgz",
      "integrity": "sha512-kKvNJn6Mm93gAczWVJg7wH+wGYWNrDHdWvpUmHyEsgCtIwwo3bqPtV4tR5tuPaUhTOo/kvhVwd8XwwOllGYkbg=="
    },
    "semver": {
      "version": "5.5.0",
      "resolved": "https://registry.npmjs.org/semver/-/semver-5.5.0.tgz",
      "integrity": "sha512-4SJ3dm0WAwWy/NVeioZh5AntkdJoWKxHxcmyP622fOkgHa4z3R0TdBJICINyaSDE6uNwVc8gZr+ZinwZAH4xIA=="
    },
    "sigmund": {
      "version": "1.0.1",
      "resolved": "https://registry.npmjs.org/sigmund/-/sigmund-1.0.1.tgz",
      "integrity": "sha1-P/IfGYytIXX587eBhT/ZTQ0ZtZA="
    },
    "source-list-map": {
      "version": "0.1.8",
      "resolved": "https://registry.npmjs.org/source-list-map/-/source-list-map-0.1.8.tgz",
      "integrity": "sha1-xVCyq1Qn9rPyH1r+rYjE9Vh7IQY="
    },
    "source-map": {
      "version": "0.4.4",
      "resolved": "https://registry.npmjs.org/source-map/-/source-map-0.4.4.tgz",
      "integrity": "sha1-66T12pwNyZneaAMti092FzZSA2s=",
      "requires": {
        "amdefine": "1.0.1"
      }
    },
    "string_decoder": {
      "version": "1.0.3",
      "resolved": "https://registry.npmjs.org/string_decoder/-/string_decoder-1.0.3.tgz",
      "integrity": "sha512-4AH6Z5fzNNBcH+6XDMfA/BTt87skxqJlO0lAh3Dker5zThcAxG6mKz+iGu308UKoPPQ8Dcqx/4JhujzltRa+hQ==",
      "requires": {
        "safe-buffer": "5.1.1"
      }
    },
    "through2": {
      "version": "2.0.3",
      "resolved": "https://registry.npmjs.org/through2/-/through2-2.0.3.tgz",
      "integrity": "sha1-AARWmzfHx0ujnEPzzteNGtlBQL4=",
      "requires": {
        "readable-stream": "2.3.3",
        "xtend": "4.0.1"
      }
    },
    "typescript": {
      "version": "2.8.3",
      "resolved": "https://registry.npmjs.org/typescript/-/typescript-2.8.3.tgz",
      "integrity": "sha512-K7g15Bb6Ra4lKf7Iq2l/I5/En+hLIHmxWZGq3D4DIRNFxMNV6j2SHSvDOqs2tGd4UvD/fJvrwopzQXjLrT7Itw=="
    },
    "typescript-formatter": {
      "version": "7.2.0",
      "resolved": "https://registry.npmjs.org/typescript-formatter/-/typescript-formatter-7.2.0.tgz",
      "integrity": "sha512-A16UqkHtkQOF340cf21LJXchcftyBTPqNOAmP1J8Plu2m3Q8o+2fAYwgFjLXMKP6ooSPjDoOS6z8j9q+1nEnXg==",
      "requires": {
        "commandpost": "1.3.0",
        "editorconfig": "0.15.0"
      }
    },
    "underscore": {
      "version": "1.9.0",
      "resolved": "https://registry.npmjs.org/underscore/-/underscore-1.9.0.tgz",
      "integrity": "sha512-4IV1DSSxC1QK48j9ONFK1MoIAKKkbE8i7u55w2R6IqBqbT7A/iG7aZBCR2Bi8piF0Uz+i/MG1aeqLwl/5vqF+A=="
    },
    "util-deprecate": {
      "version": "1.0.2",
      "resolved": "https://registry.npmjs.org/util-deprecate/-/util-deprecate-1.0.2.tgz",
      "integrity": "sha1-RQ1Nyfpw3nMnYvvS1KKJgUGaDM8="
    },
    "vinyl": {
      "version": "2.1.0",
      "resolved": "https://registry.npmjs.org/vinyl/-/vinyl-2.1.0.tgz",
      "integrity": "sha1-Ah+cLPlR1rk5lDyJ617lrdT9kkw=",
      "requires": {
        "clone": "2.1.1",
        "clone-buffer": "1.0.0",
        "clone-stats": "1.0.0",
        "cloneable-readable": "1.0.0",
        "remove-trailing-separator": "1.1.0",
        "replace-ext": "1.0.0"
      }
    },
    "webpack-core": {
      "version": "0.6.9",
      "resolved": "https://registry.npmjs.org/webpack-core/-/webpack-core-0.6.9.tgz",
      "integrity": "sha1-/FcViMhVjad76e+23r3Fo7FyvcI=",
      "requires": {
        "source-list-map": "0.1.8",
        "source-map": "0.4.4"
      }
    },
    "xtend": {
      "version": "4.0.1",
      "resolved": "https://registry.npmjs.org/xtend/-/xtend-4.0.1.tgz",
      "integrity": "sha1-pcbVMr5lbiPbgg77lDofBJmNY68="
    },
    "yallist": {
      "version": "2.1.2",
      "resolved": "https://registry.npmjs.org/yallist/-/yallist-2.1.2.tgz",
      "integrity": "sha1-HBH5IY8HYImkfdUS+TxmmaaoHVI="
    },
    "zxcvbn": {
      "version": "4.4.2",
      "resolved": "https://registry.npmjs.org/zxcvbn/-/zxcvbn-4.4.2.tgz",
      "integrity": "sha1-KOwXzwl0PtyrBW3dixsGJizHPDA="
    }
  }
}
