{
  "name": "service-portail",
  "version": "1.17.1",
  "lockfileVersion": 1,
  "dependencies": {
    "@uirouter/core": {
      "version": "https://registry.npmjs.org/@uirouter/core/-/core-5.0.3.tgz",
      "integrity": "sha1-4rWx5FGQ4gxnuk4VwBPeXU4MyrM="
    },
    "angular": {
      "version": "1.6.5",
      "resolved": "https://registry.npmjs.org/angular/-/angular-1.6.5.tgz",
      "integrity": "sha1-N/eI7r7Fzi4/oCsXu8sqIxV2oNY="
    },
    "angular-animate": {
      "version": "1.6.5",
      "resolved": "https://registry.npmjs.org/angular-animate/-/angular-animate-1.6.5.tgz",
      "integrity": "sha1-OBfHWIDQX8iZpsjUsJ0cxipx6To="
    },
    "angular-bootstrap-checkbox": {
      "version": "https://registry.npmjs.org/angular-bootstrap-checkbox/-/angular-bootstrap-checkbox-1.0.0.tgz",
      "integrity": "sha1-3qZAvN0G+aWLErfkKwHA/ORHXnw="
    },
    "angular-carousel": {
      "version": "https://registry.npmjs.org/angular-carousel/-/angular-carousel-1.0.2.tgz",
      "integrity": "sha1-mZztSnp7Ha3phhc96/ApkxUpWvo="
    },
    "angular-cookies": {
      "version": "1.6.5",
      "resolved": "https://registry.npmjs.org/angular-cookies/-/angular-cookies-1.6.5.tgz",
      "integrity": "sha1-E5Sdre8ZASrloedSIhLLZAjmRE4="
    },
    "angular-i18n": {
      "version": "1.6.5",
      "resolved": "https://registry.npmjs.org/angular-i18n/-/angular-i18n-1.6.5.tgz",
      "integrity": "sha1-0d0Oy45ryV5+HXoor0V9zb+m760="
    },
    "angular-moment": {
      "version": "https://registry.npmjs.org/angular-moment/-/angular-moment-1.0.1.tgz",
      "integrity": "sha1-UJ0zJq6iP3giHP3bK2K/7eaEHTE="
    },
    "angular-nvd3": {
      "version": "https://registry.npmjs.org/angular-nvd3/-/angular-nvd3-1.0.9.tgz",
      "integrity": "sha1-jYpxSH2eWhIuil0PXNJqsOSRpvU="
    },
    "angular-resource": {
      "version": "1.6.5",
      "resolved": "https://registry.npmjs.org/angular-resource/-/angular-resource-1.6.5.tgz",
      "integrity": "sha1-0ecSqwGvpdLsZJ9eRxZzpwTyvkA="
    },
    "angular-sanitize": {
      "version": "1.6.5",
      "resolved": "https://registry.npmjs.org/angular-sanitize/-/angular-sanitize-1.6.5.tgz",
      "integrity": "sha1-tWJagXr60rpYwzPpju8WmhxvUXo="
    },
    "angular-toastr": {
      "version": "https://registry.npmjs.org/angular-toastr/-/angular-toastr-2.1.1.tgz",
      "integrity": "sha1-n4NQykghRaRNARp1W4+zYj1gVEw="
    },
    "angular-touch": {
      "version": "1.6.5",
      "resolved": "https://registry.npmjs.org/angular-touch/-/angular-touch-1.6.5.tgz",
      "integrity": "sha1-jVG97OzQO94V3Nqnd9m7alTIKv0="
    },
    "angular-ui-bootstrap": {
      "version": "https://registry.npmjs.org/angular-ui-bootstrap/-/angular-ui-bootstrap-2.5.0.tgz",
      "integrity": "sha1-L6zvuRU4ZlXcX0QVAlgDJRcjbQE="
    },
    "angular-ui-router": {
      "version": "https://registry.npmjs.org/angular-ui-router/-/angular-ui-router-1.0.3.tgz",
      "integrity": "sha1-vySUyq6Vw3zwGvN2HYl0fP7S20U="
    },
    "angular-zxcvbn": {
      "version": "https://registry.npmjs.org/angular-zxcvbn/-/angular-zxcvbn-3.2.2.tgz",
      "integrity": "sha1-Lby6XrXaTJCysLYCLaCLd2iTfEY="
    },
    "bootstrap": {
      "version": "https://registry.npmjs.org/bootstrap/-/bootstrap-3.3.7.tgz",
      "integrity": "sha1-WjiTlFSfIzMIdaOxUGVldPip63E="
    },
    "d3": {
      "version": "https://registry.npmjs.org/d3/-/d3-3.5.17.tgz",
      "integrity": "sha1-vEZ0gAQ3iyGjYMn8fPUjF5B2L7g="
    },
    "es5-shim": {
      "version": "https://registry.npmjs.org/es5-shim/-/es5-shim-4.5.9.tgz",
      "integrity": "sha1-Kh4rnlg/9f7Qwgo+4svz91IwpcA="
    },
    "font-awesome": {
      "version": "https://registry.npmjs.org/font-awesome/-/font-awesome-4.7.0.tgz",
      "integrity": "sha1-j6jPBBGhoxr9B7BtKQK7n8gVoTM="
    },
    "laclasse-common-client": {
      "version": "git+https://git@github.com/laclasse-com/laclasse-common-client.git#c0c91f0582cb5d9d093ae76b31628d04d202b864"
    },
    "moment": {
      "version": "https://registry.npmjs.org/moment/-/moment-2.18.1.tgz",
      "integrity": "sha1-w2GT3Tzhwu7SrbfIAtu8d6gbHA8="
    },
    "ng-color-picker": {
      "version": "git+https://github.com/cycojesus/ng-color-picker.git#3987e5ff134a43bd620269876f4117ef5eec46ff"
    },
    "ng-fittext": {
      "version": "https://registry.npmjs.org/ng-fittext/-/ng-fittext-3.3.3.tgz",
      "integrity": "sha1-s2VncQav5J1StBE6KwZg6VypzR0="
    },
    "ng-sortable": {
      "version": "https://registry.npmjs.org/ng-sortable/-/ng-sortable-1.3.8.tgz",
      "integrity": "sha1-6S0CHfQghxMYNJifDIpPWOphMFY="
    },
    "nvd3": {
      "version": "https://registry.npmjs.org/nvd3/-/nvd3-1.8.4.tgz",
      "integrity": "sha1-GjoWlMYCEYL/Mgp2Tnndlx9arAI="
    },
    "underscore": {
      "version": "https://registry.npmjs.org/underscore/-/underscore-1.8.3.tgz",
      "integrity": "sha1-Tz+1OxBuYJf8+ctBCfKl6b36UCI="
    },
    "zxcvbn": {
      "version": "https://registry.npmjs.org/zxcvbn/-/zxcvbn-4.4.2.tgz",
      "integrity": "sha1-KOwXzwl0PtyrBW3dixsGJizHPDA="
    }
  }
}
